# @generated - this file is auto-generated by `mise lock` https://mise.jdx.dev/dev-tools/mise-lock.html

[[tools.actionlint]]
version = "1.7.11"
backend = "aqua:rhysd/actionlint"

[tools.actionlint."platforms.linux-arm64"]
checksum = "sha256:21bc0dfb57a913fe175298c2a9e906ee630f747cb66d0a934d0d4b69f4ee1235"
url = "https://github.com/rhysd/actionlint/releases/download/v1.7.11/actionlint_1.7.11_linux_arm64.tar.gz"

[tools.actionlint."platforms.linux-x64"]
checksum = "sha256:900919a84f2229bac68ca9cd4103ea297abc35e9689ebb842c6e34a3d1b01b0a"
url = "https://github.com/rhysd/actionlint/releases/download/v1.7.11/actionlint_1.7.11_linux_amd64.tar.gz"

[tools.actionlint."platforms.macos-arm64"]
checksum = "sha256:a21ba7366d8329e7223faee0ed69eb13da27fe8acabb356bb7eb0b7f1e1cb6d8"
url = "https://github.com/rhysd/actionlint/releases/download/v1.7.11/actionlint_1.7.11_darwin_arm64.tar.gz"

[tools.actionlint."platforms.macos-x64"]
checksum = "sha256:17ffc17fed8f0258ef6ad4aed932d3272464c7ef7d64e1cb0d65aa97c9752107"
url = "https://github.com/rhysd/actionlint/releases/download/v1.7.11/actionlint_1.7.11_darwin_amd64.tar.gz"

[tools.actionlint."platforms.windows-x64"]
checksum = "sha256:5414b7124a91f4b5abee62e5c9d84802237734f8d15b9b7032732a32c3ebffa3"
url = "https://github.com/rhysd/actionlint/releases/download/v1.7.11/actionlint_1.7.11_windows_amd64.zip"

[[tools.hk]]
version = "1.37.0"
backend = "aqua:jdx/hk"

[tools.hk."platforms.linux-arm64"]
checksum = "sha256:4996fdbd499a86d3341c66d1f4ae41b77d0e79f24c0fbfc882f65935855d4b1d"
url = "https://github.com/jdx/hk/releases/download/v1.37.0/hk-aarch64-unknown-linux-gnu.tar.gz"

[tools.hk."platforms.linux-x64"]
checksum = "sha256:616ecec3e54e35958d4c07f0d6ecff6946bc930db347601b75e26fb2c08553e4"
url = "https://github.com/jdx/hk/releases/download/v1.37.0/hk-x86_64-unknown-linux-gnu.tar.gz"

[tools.hk."platforms.macos-arm64"]
checksum = "sha256:11a924978b7526b5e363c97293c62f5b1cdbf29abb26d3d40f5317f46ad65835"
url = "https://github.com/jdx/hk/releases/download/v1.37.0/hk-aarch64-apple-darwin.tar.gz"

[tools.hk."platforms.windows-x64"]
checksum = "sha256:102a744a25530f3896f5699b5038d996341b3b4c86feb7f595eea1eb769a29b5"
url = "https://github.com/jdx/hk/releases/download/v1.37.0/hk-x86_64-pc-windows-msvc.zip"

[[tools.pkl]]
version = "0.30.2"
backend = "aqua:apple/pkl"

[tools.pkl."platforms.linux-arm64"]
checksum = "sha256:8da3ae65104eb7058e35dc4a9fe46bd8ece2b6faf4b65d0b1054cadb2ede0246"
url = "https://github.com/apple/pkl/releases/download/0.30.2/pkl-linux-aarch64"

[tools.pkl."platforms.linux-x64"]
checksum = "sha256:474e5137d60a9e2320fde19a526f42c36d8e9d3b245139d59a9b8dff85283c76"
url = "https://github.com/apple/pkl/releases/download/0.30.2/pkl-linux-amd64"

[tools.pkl."platforms.macos-arm64"]
checksum = "sha256:f1db44c0f6f859aee88c9d7d272f2371ae40ac95ec9957ae78eff51665158e04"
url = "https://github.com/apple/pkl/releases/download/0.30.2/pkl-macos-aarch64"

[tools.pkl."platforms.macos-x64"]
checksum = "sha256:5f62ae7a7a34c15b3a83af17bda8e6b98516953f383a492340d4aa090caaa6d9"
url = "https://github.com/apple/pkl/releases/download/0.30.2/pkl-macos-amd64"

[tools.pkl."platforms.windows-x64"]
checksum = "sha256:19e92aa59bcf4e54963b6e3b419af7e1b939f5793b44f4a08d60bab1217106f4"
url = "https://github.com/apple/pkl/releases/download/0.30.2/pkl-windows-amd64.exe"

[[tools.pkl]]
version = "0.31.1"
backend = "aqua:apple/pkl"

[tools.pkl."platforms.linux-arm64"]
checksum = "sha256:7ef10e743daa921fb94ae7bdb9ec6986f362bf250c55814b9ea2aeb13f2d083e"
url = "https://github.com/apple/pkl/releases/download/0.31.1/pkl-linux-aarch64"

[tools.pkl."platforms.linux-x64"]
checksum = "sha256:618f13955d755cafbfe8c9cba1d27635848cd49dbc6abffd398d2751db1231bf"
url = "https://github.com/apple/pkl/releases/download/0.31.1/pkl-linux-amd64"

[tools.pkl."platforms.macos-arm64"]
checksum = "sha256:1b6a5438d9624cd2798a7530721bbbfa27ef72efe5c878a1b6c546c6e7ca0e8f"
url = "https://github.com/apple/pkl/releases/download/0.31.1/pkl-macos-aarch64"

[tools.pkl."platforms.macos-x64"]
checksum = "sha256:22123ed4ae4c03afa8c54c69f77f0bec39b0fa0f67b09d6d148e0a376a2a471d"
url = "https://github.com/apple/pkl/releases/download/0.31.1/pkl-macos-amd64"

[tools.pkl."platforms.windows-x64"]
checksum = "sha256:a8834481667325b44c539dbb758d7365a16389070f343c04b639bbe525ede013"
url = "https://github.com/apple/pkl/releases/download/0.31.1/pkl-windows-amd64.exe"
