# Auto-update mise.lock on Renovate PRs. Renovate's native mise lock file
# support (updateArtifacts) should handle this, but while the hosted GitHub
# App catches up to the change, this workflow ensures mise.lock stays in
# sync with mise.toml dependency bumps.
#
# We also run mise install so mise caches the tool binaries; this avoids a
# separate download in each subsequent CI job.

name: mise-lock

on:
  pull_request:
    types: [opened, synchronize]
    paths:
      - mise.toml

jobs:
  update-lock:
    # Only run on renovate PRs — manual PRs are caught by the CI check
    if: startsWith(github.head_ref, 'renovate/')
    runs-on: ubuntu-latest
    permissions:
      contents: write
    steps:
      - uses: actions/checkout@df4cb1c069e1874edd31b4311f1884172cec0e10 # v6.0.3
        with:
          ref: ${{ github.head_ref }}

      - name: Setup mise
        uses: jdx/mise-action@e6a8b3978addb5a52f2b4cd9d91eafa7f0ab959d # v4.2.0
        with:
          experimental: true

      - name: Regenerate mise.lock
        run: mise lock

      - name: Commit updated mise.lock
        uses: stefanzweifel/git-auto-commit-action@04702edda442b2e678b25b537cec683a1493fcb9 # v7.1.0
        with:
          commit_message: "chore: update mise.lock"
          file_pattern: "mise.lock"
